
Microsoft Visual Studio Solution File, Format Version 12.00
# Visual Studio Version 17
VisualStudioVersion = 17.2.32516.85
MinimumVisualStudioVersion = 10.0.40219.1
Project("{9A19103F-16F7-4668-BE54-9A1E7A4F7556}") = "Imkery.Server", "Server\Imkery.Server.csproj", "{F321AD99-E0BF-4455-B822-38E849A07CF1}"
EndProject
Project("{9A19103F-16F7-4668-BE54-9A1E7A4F7556}") = "Imkery.Client", "Client\Imkery.Client.csproj", "{203EA9D2-6A4F-4854-A25C-10F2913FDE0F}"
EndProject
Project("{9A19103F-16F7-4668-BE54-9A1E7A4F7556}") = "Imkery.Shared", "Shared\Imkery.Shared.csproj", "{A8BBFF17-7B94-43F0-875C-24067A40E646}"
EndProject
Project("{FAE04EC0-301F-11D3-BF4B-00C04F79EFBC}") = "Imkery.Entities", "Imkery.Entities\Imkery.Entities.csproj", "{1B10EF01-242C-4FC9-9091-537F3583B455}"
EndProject
Project("{FAE04EC0-301F-11D3-BF4B-00C04F79EFBC}") = "Imkery.API.Client", "Imkery.API.Client\Imkery.API.Client.csproj", "{4B8C4EB2-1965-437A-AD11-3B65151DB073}"
EndProject
Project("{FAE04EC0-301F-11D3-BF4B-00C04F79EFBC}") = "Imkery.Data.Storage", "Imkery.Data.Storage\Imkery.Data.Storage.csproj", "{108603CC-0E52-458A-8BC2-B634FE7A8E4A}"
EndProject
Global
	GlobalSection(SolutionConfigurationPlatforms) = preSolution
		Debug|Any CPU = Debug|Any CPU
		Release|Any CPU = Release|Any CPU
	EndGlobalSection
	GlobalSection(ProjectConfigurationPlatforms) = postSolution
		{F321AD99-E0BF-4455-B822-38E849A07CF1}.Debug|Any CPU.ActiveCfg = Debug|Any CPU
		{F321AD99-E0BF-4455-B822-38E849A07CF1}.Debug|Any CPU.Build.0 = Debug|Any CPU
		{F321AD99-E0BF-4455-B822-38E849A07CF1}.Release|Any CPU.ActiveCfg = Release|Any CPU
		{F321AD99-E0BF-4455-B822-38E849A07CF1}.Release|Any CPU.Build.0 = Release|Any CPU
		{203EA9D2-6A4F-4854-A25C-10F2913FDE0F}.Debug|Any CPU.ActiveCfg = Debug|Any CPU
		{203EA9D2-6A4F-4854-A25C-10F2913FDE0F}.Debug|Any CPU.Build.0 = Debug|Any CPU
		{203EA9D2-6A4F-4854-A25C-10F2913FDE0F}.Release|Any CPU.ActiveCfg = Release|Any CPU
		{203EA9D2-6A4F-4854-A25C-10F2913FDE0F}.Release|Any CPU.Build.0 = Release|Any CPU
		{A8BBFF17-7B94-43F0-875C-24067A40E646}.Debug|Any CPU.ActiveCfg = Debug|Any CPU
		{A8BBFF17-7B94-43F0-875C-24067A40E646}.Debug|Any CPU.Build.0 = Debug|Any CPU
		{A8BBFF17-7B94-43F0-875C-24067A40E646}.Release|Any CPU.ActiveCfg = Release|Any CPU
		{A8BBFF17-7B94-43F0-875C-24067A40E646}.Release|Any CPU.Build.0 = Release|Any CPU
		{1B10EF01-242C-4FC9-9091-537F3583B455}.Debug|Any CPU.ActiveCfg = Debug|Any CPU
		{1B10EF01-242C-4FC9-9091-537F3583B455}.Debug|Any CPU.Build.0 = Debug|Any CPU
		{1B10EF01-242C-4FC9-9091-537F3583B455}.Release|Any CPU.ActiveCfg = Release|Any CPU
		{1B10EF01-242C-4FC9-9091-537F3583B455}.Release|Any CPU.Build.0 = Release|Any CPU
		{4B8C4EB2-1965-437A-AD11-3B65151DB073}.Debug|Any CPU.ActiveCfg = Debug|Any CPU
		{4B8C4EB2-1965-437A-AD11-3B65151DB073}.Debug|Any CPU.Build.0 = Debug|Any CPU
		{4B8C4EB2-1965-437A-AD11-3B65151DB073}.Release|Any CPU.ActiveCfg = Release|Any CPU
		{4B8C4EB2-1965-437A-AD11-3B65151DB073}.Release|Any CPU.Build.0 = Release|Any CPU
		{108603CC-0E52-458A-8BC2-B634FE7A8E4A}.Debug|Any CPU.ActiveCfg = Debug|Any CPU
		{108603CC-0E52-458A-8BC2-B634FE7A8E4A}.Debug|Any CPU.Build.0 = Debug|Any CPU
		{108603CC-0E52-458A-8BC2-B634FE7A8E4A}.Release|Any CPU.ActiveCfg = Release|Any CPU
		{108603CC-0E52-458A-8BC2-B634FE7A8E4A}.Release|Any CPU.Build.0 = Release|Any CPU
	EndGlobalSection
	GlobalSection(SolutionProperties) = preSolution
		HideSolutionNode = FALSE
	EndGlobalSection
	GlobalSection(ExtensibilityGlobals) = postSolution
		SolutionGuid = {30BDF3F5-ACB8-4D57-9A0F-FEEE9F687DAC}
	EndGlobalSection
EndGlobal
